
Microsoft Visual Studio Solution File, Format Version 12.00
# Visual Studio Version 17
VisualStudioVersion = 17.4.33213.308
MinimumVisualStudioVersion = 10.0.40219.1
Project("{9A19103F-16F7-4668-BE54-9A1E7A4F7556}") = "node_casper_parser", "node_casper_parser.csproj", "{12E03A87-CD03-4556-AF1E-4D18028F6A1E}"
EndProject
Global
	GlobalSection(SolutionConfigurationPlatforms) = preSolution
		Debug|Any CPU = Debug|Any CPU
		Release|Any CPU = Release|Any CPU
	EndGlobalSection
	GlobalSection(ProjectConfigurationPlatforms) = postSolution
		{12E03A87-CD03-4556-AF1E-4D18028F6A1E}.Debug|Any CPU.ActiveCfg = Debug|Any CPU
		{12E03A87-CD03-4556-AF1E-4D18028F6A1E}.Debug|Any CPU.Build.0 = Debug|Any CPU
		{12E03A87-CD03-4556-AF1E-4D18028F6A1E}.Release|Any CPU.ActiveCfg = Release|Any CPU
		{12E03A87-CD03-4556-AF1E-4D18028F6A1E}.Release|Any CPU.Build.0 = Release|Any CPU
	EndGlobalSection
	GlobalSection(SolutionProperties) = preSolution
		HideSolutionNode = FALSE
	EndGlobalSection
	GlobalSection(ExtensibilityGlobals) = postSolution
		SolutionGuid = {71EDDBF4-F22D-4DF0-90E9-99068C1E0958}
	EndGlobalSection
EndGlobal
